
Microsoft Visual Studio Solution File, Format Version 12.00
# Visual Studio 14
VisualStudioVersion = 14.0.25420.1
MinimumVisualStudioVersion = 10.0.40219.1
Project("{2150E333-8FDC-42A3-9474-1A3956D46DE8}") = "src", "src", "{D4CAB6C6-2E04-4841-9ED3-076D89002023}"
EndProject
Project("{2150E333-8FDC-42A3-9474-1A3956D46DE8}") = "Solution Items", "Solution Items", "{01117EF6-010E-441A-9D81-E7B393588802}"
	ProjectSection(SolutionItems) = preProject
		global.json = global.json
	EndProjectSection
EndProject
Project("{8BB2217D-0F2D-49D1-97BC-3654ED321F3B}") = "b_project", "src\b_project\b_project.xproj", "{636F6ADF-1549-4238-812A-557D73DA3E3C}"
EndProject
Global
	GlobalSection(SolutionConfigurationPlatforms) = preSolution
		Debug|Any CPU = Debug|Any CPU
		Release|Any CPU = Release|Any CPU
	EndGlobalSection
	GlobalSection(ProjectConfigurationPlatforms) = postSolution
		{636F6ADF-1549-4238-812A-557D73DA3E3C}.Debug|Any CPU.ActiveCfg = Debug|Any CPU
		{636F6ADF-1549-4238-812A-557D73DA3E3C}.Debug|Any CPU.Build.0 = Debug|Any CPU
		{636F6ADF-1549-4238-812A-557D73DA3E3C}.Release|Any CPU.ActiveCfg = Release|Any CPU
		{636F6ADF-1549-4238-812A-557D73DA3E3C}.Release|Any CPU.Build.0 = Release|Any CPU
	EndGlobalSection
	GlobalSection(SolutionProperties) = preSolution
		HideSolutionNode = FALSE
	EndGlobalSection
	GlobalSection(NestedProjects) = preSolution
		{636F6ADF-1549-4238-812A-557D73DA3E3C} = {D4CAB6C6-2E04-4841-9ED3-076D89002023}
	EndGlobalSection
EndGlobal
